{
  "name": "ias",
  "requires": true,
  "lockfileVersion": 1,
  "dependencies": {
    "bootstrap": {
      "version": "3.4.1",
      "resolved": "https://registry.npmjs.org/bootstrap/-/bootstrap-3.4.1.tgz",
      "integrity": "sha512-yN5oZVmRCwe5aKwzRj6736nSmKDX7pLYwsXiCj/EYmo16hODaBiT4En5btW/jhBF/seV+XMx3aYwukYC3A49DA=="
    },
    "jquery": {
      "version": "3.6.0",
      "resolved": "https://registry.npmjs.org/jquery/-/jquery-3.6.0.tgz",
      "integrity": "sha512-JVzAR/AjBvVt2BmYhxRCSYysDsPcssdmTFnzyLEts9qNwmjmu4JTAMYubEfwVOSwpQ1I1sKKFcxhZCI2buerfw=="
    },
    "propellerkit": {
      "version": "1.3.1",
      "resolved": "https://registry.npmjs.org/propellerkit/-/propellerkit-1.3.1.tgz",
      "integrity": "sha1-Weornqewx8GETK5uozlFehjWoeg=",
      "requires": {
        "bootstrap": "^3.0.0",
        "jquery": "1.9.1 - 3"
      }
    }
  }
}
